
Microsoft Visual Studio Solution File, Format Version 12.00
# Visual Studio 15
VisualStudioVersion = 15.0.27130.2027
MinimumVisualStudioVersion = 10.0.40219.1
Project("{FAE04EC0-301F-11D3-BF4B-00C04F79EFBC}") = "PathsExtractor.Core", "PathsExtractor.Core\PathsExtractor.Core.csproj", "{105D930C-0951-43AA-A783-9710060EB04D}"
EndProject
Project("{FAE04EC0-301F-11D3-BF4B-00C04F79EFBC}") = "PathsExtractor.ConsoleClient", "PathsExtractor.ConsoleClient\PathsExtractor.ConsoleClient.csproj", "{192B3015-0345-4359-9AE9-FEF51A45ECA5}"
EndProject
Project("{FAE04EC0-301F-11D3-BF4B-00C04F79EFBC}") = "PathsExtractor.WinFormClient", "PathsExtractor.WinFormClient\PathsExtractor.WinFormClient.csproj", "{F79EBB2A-1C68-490D-88C1-73C7E393C7B5}"
EndProject
Global
	GlobalSection(SolutionConfigurationPlatforms) = preSolution
		Debug|Any CPU = Debug|Any CPU
		Release|Any CPU = Release|Any CPU
	EndGlobalSection
	GlobalSection(ProjectConfigurationPlatforms) = postSolution
		{105D930C-0951-43AA-A783-9710060EB04D}.Debug|Any CPU.ActiveCfg = Debug|Any CPU
		{105D930C-0951-43AA-A783-9710060EB04D}.Debug|Any CPU.Build.0 = Debug|Any CPU
		{105D930C-0951-43AA-A783-9710060EB04D}.Release|Any CPU.ActiveCfg = Release|Any CPU
		{105D930C-0951-43AA-A783-9710060EB04D}.Release|Any CPU.Build.0 = Release|Any CPU
		{192B3015-0345-4359-9AE9-FEF51A45ECA5}.Debug|Any CPU.ActiveCfg = Debug|Any CPU
		{192B3015-0345-4359-9AE9-FEF51A45ECA5}.Debug|Any CPU.Build.0 = Debug|Any CPU
		{192B3015-0345-4359-9AE9-FEF51A45ECA5}.Release|Any CPU.ActiveCfg = Release|Any CPU
		{192B3015-0345-4359-9AE9-FEF51A45ECA5}.Release|Any CPU.Build.0 = Release|Any CPU
		{F79EBB2A-1C68-490D-88C1-73C7E393C7B5}.Debug|Any CPU.ActiveCfg = Debug|Any CPU
		{F79EBB2A-1C68-490D-88C1-73C7E393C7B5}.Debug|Any CPU.Build.0 = Debug|Any CPU
		{F79EBB2A-1C68-490D-88C1-73C7E393C7B5}.Release|Any CPU.ActiveCfg = Release|Any CPU
		{F79EBB2A-1C68-490D-88C1-73C7E393C7B5}.Release|Any CPU.Build.0 = Release|Any CPU
	EndGlobalSection
	GlobalSection(SolutionProperties) = preSolution
		HideSolutionNode = FALSE
	EndGlobalSection
	GlobalSection(ExtensibilityGlobals) = postSolution
		SolutionGuid = {21AE557A-AE58-4853-A687-09D99B7D103B}
	EndGlobalSection
EndGlobal
